
Microsoft Visual Studio Solution File, Format Version 12.00
# Visual Studio Version 16
VisualStudioVersion = 16.0.31005.135
MinimumVisualStudioVersion = 10.0.40219.1
Project("{FAE04EC0-301F-11D3-BF4B-00C04F79EFBC}") = "GitHubApplicatie", "GitHubApplicatie\GitHubApplicatie.csproj", "{6692409E-B9CE-465A-A935-72805526AD7E}"
EndProject
Global
	GlobalSection(SolutionConfigurationPlatforms) = preSolution
		Debug|Any CPU = Debug|Any CPU
		Release|Any CPU = Release|Any CPU
	EndGlobalSection
	GlobalSection(ProjectConfigurationPlatforms) = postSolution
		{6692409E-B9CE-465A-A935-72805526AD7E}.Debug|Any CPU.ActiveCfg = Debug|Any CPU
		{6692409E-B9CE-465A-A935-72805526AD7E}.Debug|Any CPU.Build.0 = Debug|Any CPU
		{6692409E-B9CE-465A-A935-72805526AD7E}.Release|Any CPU.ActiveCfg = Release|Any CPU
		{6692409E-B9CE-465A-A935-72805526AD7E}.Release|Any CPU.Build.0 = Release|Any CPU
	EndGlobalSection
	GlobalSection(SolutionProperties) = preSolution
		HideSolutionNode = FALSE
	EndGlobalSection
	GlobalSection(ExtensibilityGlobals) = postSolution
		SolutionGuid = {5052A39F-E2CA-48E7-8EDF-6C3ABA1D773C}
	EndGlobalSection
EndGlobal
